// !$*UTF8*$!
{
	archiveVersion = 1;
	classes = {
	};
	objectVersion = 50;
	objects = {

/* Begin PBXBuildFile section */
		90822A05257E7CC60071D762 /* SEEditPictureViewController.m in Sources */ = {isa = PBXBuildFile; fileRef = 90822A04257E7CC60071D762 /* SEEditPictureViewController.m */; };
		90822A09257E87160071D762 /* UIImage+Extension.m in Sources */ = {isa = PBXBuildFile; fileRef = 90822A07257E87160071D762 /* UIImage+Extension.m */; };
		90822A512581E7120071D762 /* SEImageNavigationView.m in Sources */ = {isa = PBXBuildFile; fileRef = 90822A4D2581E7120071D762 /* SEImageNavigationView.m */; };
		90822A522581E7120071D762 /* SEImageToolView.m in Sources */ = {isa = PBXBuildFile; fileRef = 90822A502581E7120071D762 /* SEImageToolView.m */; };
		90822A5E2581ECC50071D762 /* SEPreviewCell.m in Sources */ = {isa = PBXBuildFile; fileRef = 90822A5A2581ECC50071D762 /* SEPreviewCell.m */; };
		90822A5F2581ECC50071D762 /* SEPreviewThumbCell.m in Sources */ = {isa = PBXBuildFile; fileRef = 90822A5B2581ECC50071D762 /* SEPreviewThumbCell.m */; };
		A05AA04C257F6AFD0017A6B8 /* SDPhotoBrowser.m in Sources */ = {isa = PBXBuildFile; fileRef = A05AA046257F6AFD0017A6B8 /* SDPhotoBrowser.m */; };
		A05AA04D257F6AFD0017A6B8 /* SDWaitingView.m in Sources */ = {isa = PBXBuildFile; fileRef = A05AA047257F6AFD0017A6B8 /* SDWaitingView.m */; };
		A05AA04E257F6AFD0017A6B8 /* SDBrowserImageView.m in Sources */ = {isa = PBXBuildFile; fileRef = A05AA048257F6AFD0017A6B8 /* SDBrowserImageView.m */; };
		A05AA073257F6DF60017A6B8 /* UIImage+WebP.m in Sources */ = {isa = PBXBuildFile; fileRef = A05AA052257F6DF60017A6B8 /* UIImage+WebP.m */; };
		A05AA074257F6DF60017A6B8 /* MKAnnotationView+WebCache.m in Sources */ = {isa = PBXBuildFile; fileRef = A05AA053257F6DF60017A6B8 /* MKAnnotationView+WebCache.m */; };
		A05AA075257F6DF60017A6B8 /* SDWebImageManager.m in Sources */ = {isa = PBXBuildFile; fileRef = A05AA056257F6DF60017A6B8 /* SDWebImageManager.m */; };
		A05AA076257F6DF60017A6B8 /* SDWebImageDecoder.m in Sources */ = {isa = PBXBuildFile; fileRef = A05AA057257F6DF60017A6B8 /* SDWebImageDecoder.m */; };
		A05AA077257F6DF60017A6B8 /* UIImageView+HighlightedWebCache.m in Sources */ = {isa = PBXBuildFile; fileRef = A05AA059257F6DF60017A6B8 /* UIImageView+HighlightedWebCache.m */; };
		A05AA078257F6DF60017A6B8 /* SDWebImageDownloader.m in Sources */ = {isa = PBXBuildFile; fileRef = A05AA05B257F6DF60017A6B8 /* SDWebImageDownloader.m */; };
		A05AA079257F6DF60017A6B8 /* UIImage+GIF.m in Sources */ = {isa = PBXBuildFile; fileRef = A05AA05C257F6DF60017A6B8 /* UIImage+GIF.m */; };
		A05AA07A257F6DF60017A6B8 /* UIImage+MultiFormat.m in Sources */ = {isa = PBXBuildFile; fileRef = A05AA05E257F6DF60017A6B8 /* UIImage+MultiFormat.m */; };
		A05AA07B257F6DF60017A6B8 /* SDWebImageCompat.m in Sources */ = {isa = PBXBuildFile; fileRef = A05AA05F257F6DF60017A6B8 /* SDWebImageCompat.m */; };
		A05AA07C257F6DF60017A6B8 /* SDWebImagePrefetcher.m in Sources */ = {isa = PBXBuildFile; fileRef = A05AA060257F6DF60017A6B8 /* SDWebImagePrefetcher.m */; };
		A05AA07D257F6DF60017A6B8 /* SDImageCache.m in Sources */ = {isa = PBXBuildFile; fileRef = A05AA064257F6DF60017A6B8 /* SDImageCache.m */; };
		A05AA07E257F6DF60017A6B8 /* SDWebImageDownloaderOperation.m in Sources */ = {isa = PBXBuildFile; fileRef = A05AA066257F6DF60017A6B8 /* SDWebImageDownloaderOperation.m */; };
		A05AA07F257F6DF60017A6B8 /* NSData+ImageContentType.m in Sources */ = {isa = PBXBuildFile; fileRef = A05AA069257F6DF60017A6B8 /* NSData+ImageContentType.m */; };
		A05AA080257F6DF60017A6B8 /* UIImageView+WebCache.m in Sources */ = {isa = PBXBuildFile; fileRef = A05AA06A257F6DF60017A6B8 /* UIImageView+WebCache.m */; };
		A05AA081257F6DF60017A6B8 /* UIView+WebCacheOperation.m in Sources */ = {isa = PBXBuildFile; fileRef = A05AA06D257F6DF60017A6B8 /* UIView+WebCacheOperation.m */; };
		A05AA082257F6DF60017A6B8 /* UIButton+WebCache.m in Sources */ = {isa = PBXBuildFile; fileRef = A05AA071257F6DF60017A6B8 /* UIButton+WebCache.m */; };
		A05AA08D2580CCBB0017A6B8 /* SEPreviewPictureController.m in Sources */ = {isa = PBXBuildFile; fileRef = A05AA08C2580CCBB0017A6B8 /* SEPreviewPictureController.m */; };
		A05AA0B12583206E0017A6B8 /* UIScrollView+Extension.m in Sources */ = {isa = PBXBuildFile; fileRef = A05AA0B02583206E0017A6B8 /* UIScrollView+Extension.m */; };
		A0A0BBCE255E68F8008597BB /* SEAlbumManager.m in Sources */ = {isa = PBXBuildFile; fileRef = A0A0BBCD255E68F8008597BB /* SEAlbumManager.m */; };
		A0A0BBD2255E694C008597BB /* SEPhotoManager.m in Sources */ = {isa = PBXBuildFile; fileRef = A0A0BBD1255E694C008597BB /* SEPhotoManager.m */; };
		A0A0BBD5255E6A37008597BB /* SEAlbumModel.m in Sources */ = {isa = PBXBuildFile; fileRef = A0A0BBD4255E6A37008597BB /* SEAlbumModel.m */; };
		A0A0BBD8255E6A45008597BB /* SEPhotoModel.m in Sources */ = {isa = PBXBuildFile; fileRef = A0A0BBD7255E6A45008597BB /* SEPhotoModel.m */; };
		A0A0BBDC255E713F008597BB /* SEAlbumViewController.m in Sources */ = {isa = PBXBuildFile; fileRef = A0A0BBDB255E713F008597BB /* SEAlbumViewController.m */; };
		A0A0BBDF255F63AB008597BB /* SEAlbumCollectionViewCell.m in Sources */ = {isa = PBXBuildFile; fileRef = A0A0BBDE255F63AB008597BB /* SEAlbumCollectionViewCell.m */; };
		A0B3FD99255ABB6B0072BCED /* AppDelegate.m in Sources */ = {isa = PBXBuildFile; fileRef = A0B3FD98255ABB6B0072BCED /* AppDelegate.m */; };
		A0B3FD9F255ABB6B0072BCED /* ViewController.m in Sources */ = {isa = PBXBuildFile; fileRef = A0B3FD9E255ABB6B0072BCED /* ViewController.m */; };
		A0B3FDA2255ABB6B0072BCED /* Main.storyboard in Resources */ = {isa = PBXBuildFile; fileRef = A0B3FDA0255ABB6B0072BCED /* Main.storyboard */; };
		A0B3FDA4255ABB6E0072BCED /* Assets.xcassets in Resources */ = {isa = PBXBuildFile; fileRef = A0B3FDA3255ABB6E0072BCED /* Assets.xcassets */; };
		A0B3FDA7255ABB6E0072BCED /* LaunchScreen.storyboard in Resources */ = {isa = PBXBuildFile; fileRef = A0B3FDA5255ABB6E0072BCED /* LaunchScreen.storyboard */; };
		A0B3FDAA255ABB6E0072BCED /* main.m in Sources */ = {isa = PBXBuildFile; fileRef = A0B3FDA9255ABB6E0072BCED /* main.m */; };
		A0C74416257DC9B800AB707B /* SEAlbumListView.m in Sources */ = {isa = PBXBuildFile; fileRef = A0C74415257DC9B800AB707B /* SEAlbumListView.m */; };
		A0C7441B257DC9C900AB707B /* SEAlbumListViewCell.m in Sources */ = {isa = PBXBuildFile; fileRef = A0C7441A257DC9C900AB707B /* SEAlbumListViewCell.m */; };
		A0C7441F257DCE8B00AB707B /* SEAlbumView.m in Sources */ = {isa = PBXBuildFile; fileRef = A0C7441E257DCE8B00AB707B /* SEAlbumView.m */; };
		A0C74423257E033C00AB707B /* SECameraViewController.m in Sources */ = {isa = PBXBuildFile; fileRef = A0C74422257E033C00AB707B /* SECameraViewController.m */; };
		A0C74492257E2E8F00AB707B /* camera.png in Resources */ = {isa = PBXBuildFile; fileRef = A0C74491257E2E8F00AB707B /* camera.png */; };
		A0CCCA9B257F1A0E0000E241 /* TOCropViewController.m in Sources */ = {isa = PBXBuildFile; fileRef = A0CCCA9A257F1A0E0000E241 /* TOCropViewController.m */; };
		A0CCCA9F257F1A280000E241 /* TOCropView.m in Sources */ = {isa = PBXBuildFile; fileRef = A0CCCA9E257F1A280000E241 /* TOCropView.m */; };
		A0CCCAA3257F1A370000E241 /* TOCropToolbar.m in Sources */ = {isa = PBXBuildFile; fileRef = A0CCCAA1257F1A370000E241 /* TOCropToolbar.m */; };
		A0CCCAA7257F1A430000E241 /* TOCropViewControllerTransitioning.m in Sources */ = {isa = PBXBuildFile; fileRef = A0CCCAA6257F1A430000E241 /* TOCropViewControllerTransitioning.m */; };
		A0CCCAAB257F1A590000E241 /* TOActivityCroppedImageProvider.m in Sources */ = {isa = PBXBuildFile; fileRef = A0CCCAAA257F1A590000E241 /* TOActivityCroppedImageProvider.m */; };
		A0CCCAAF257F1A6D0000E241 /* UIImage+CropRotate.m in Sources */ = {isa = PBXBuildFile; fileRef = A0CCCAAE257F1A6D0000E241 /* UIImage+CropRotate.m */; };
		A0CCCAB3257F1A7C0000E241 /* TOCroppedImageAttributes.m in Sources */ = {isa = PBXBuildFile; fileRef = A0CCCAB1257F1A7C0000E241 /* TOCroppedImageAttributes.m */; };
		A0CCCAB9257F1C6F0000E241 /* TOCropOverlayView.m in Sources */ = {isa = PBXBuildFile; fileRef = A0CCCAB7257F1C6F0000E241 /* TOCropOverlayView.m */; };
		A0CCCABD257F1C7F0000E241 /* TOCropScrollView.m in Sources */ = {isa = PBXBuildFile; fileRef = A0CCCABB257F1C7F0000E241 /* TOCropScrollView.m */; };
/* End PBXBuildFile section */

/* Begin PBXFileReference section */
		90822A03257E7CC60071D762 /* SEEditPictureViewController.h */ = {isa = PBXFileReference; lastKnownFileType = sourcecode.c.h; path = SEEditPictureViewController.h; sourceTree = "<group>"; };
		90822A04257E7CC60071D762 /* SEEditPictureViewController.m */ = {isa = PBXFileReference; lastKnownFileType = sourcecode.c.objc; path = SEEditPictureViewController.m; sourceTree = "<group>"; };
		90822A07257E87160071D762 /* UIImage+Extension.m */ = {isa = PBXFileReference; fileEncoding = 4; lastKnownFileType = sourcecode.c.objc; path = "UIImage+Extension.m"; sourceTree = "<group>"; };
		90822A08257E87160071D762 /* UIImage+Extension.h */ = {isa = PBXFileReference; fileEncoding = 4; lastKnownFileType = sourcecode.c.h; path = "UIImage+Extension.h"; sourceTree = "<group>"; };
		90822A4D2581E7120071D762 /* SEImageNavigationView.m */ = {isa = PBXFileReference; fileEncoding = 4; lastKnownFileType = sourcecode.c.objc; path = SEImageNavigationView.m; sourceTree = "<group>"; };
		90822A4E2581E7120071D762 /* SEImageNavigationView.h */ = {isa = PBXFileReference; fileEncoding = 4; lastKnownFileType = sourcecode.c.h; path = SEImageNavigationView.h; sourceTree = "<group>"; };
		90822A4F2581E7120071D762 /* SEImageToolView.h */ = {isa = PBXFileReference; fileEncoding = 4; lastKnownFileType = sourcecode.c.h; path = SEImageToolView.h; sourceTree = "<group>"; };
		90822A502581E7120071D762 /* SEImageToolView.m */ = {isa = PBXFileReference; fileEncoding = 4; lastKnownFileType = sourcecode.c.objc; path = SEImageToolView.m; sourceTree = "<group>"; };
		90822A5A2581ECC50071D762 /* SEPreviewCell.m */ = {isa = PBXFileReference; fileEncoding = 4; lastKnownFileType = sourcecode.c.objc; path = SEPreviewCell.m; sourceTree = "<group>"; };
		90822A5B2581ECC50071D762 /* SEPreviewThumbCell.m */ = {isa = PBXFileReference; fileEncoding = 4; lastKnownFileType = sourcecode.c.objc; path = SEPreviewThumbCell.m; sourceTree = "<group>"; };
		90822A5C2581ECC50071D762 /* SEPreviewCell.h */ = {isa = PBXFileReference; fileEncoding = 4; lastKnownFileType = sourcecode.c.h; path = SEPreviewCell.h; sourceTree = "<group>"; };
		90822A5D2581ECC50071D762 /* SEPreviewThumbCell.h */ = {isa = PBXFileReference; fileEncoding = 4; lastKnownFileType = sourcecode.c.h; path = SEPreviewThumbCell.h; sourceTree = "<group>"; };
		A05AA045257F6AFD0017A6B8 /* SDPhotoBrowserConfig.h */ = {isa = PBXFileReference; fileEncoding = 4; lastKnownFileType = sourcecode.c.h; path = SDPhotoBrowserConfig.h; sourceTree = "<group>"; };
		A05AA046257F6AFD0017A6B8 /* SDPhotoBrowser.m */ = {isa = PBXFileReference; fileEncoding = 4; lastKnownFileType = sourcecode.c.objc; path = SDPhotoBrowser.m; sourceTree = "<group>"; };
		A05AA047257F6AFD0017A6B8 /* SDWaitingView.m */ = {isa = PBXFileReference; fileEncoding = 4; lastKnownFileType = sourcecode.c.objc; path = SDWaitingView.m; sourceTree = "<group>"; };
		A05AA048257F6AFD0017A6B8 /* SDBrowserImageView.m */ = {isa = PBXFileReference; fileEncoding = 4; lastKnownFileType = sourcecode.c.objc; path = SDBrowserImageView.m; sourceTree = "<group>"; };
		A05AA049257F6AFD0017A6B8 /* SDWaitingView.h */ = {isa = PBXFileReference; fileEncoding = 4; lastKnownFileType = sourcecode.c.h; path = SDWaitingView.h; sourceTree = "<group>"; };
		A05AA04A257F6AFD0017A6B8 /* SDPhotoBrowser.h */ = {isa = PBXFileReference; fileEncoding = 4; lastKnownFileType = sourcecode.c.h; path = SDPhotoBrowser.h; sourceTree = "<group>"; };
		A05AA04B257F6AFD0017A6B8 /* SDBrowserImageView.h */ = {isa = PBXFileReference; fileEncoding = 4; lastKnownFileType = sourcecode.c.h; path = SDBrowserImageView.h; sourceTree = "<group>"; };
		A05AA052257F6DF60017A6B8 /* UIImage+WebP.m */ = {isa = PBXFileReference; fileEncoding = 4; lastKnownFileType = sourcecode.c.objc; path = "UIImage+WebP.m"; sourceTree = "<group>"; };
		A05AA053257F6DF60017A6B8 /* MKAnnotationView+WebCache.m */ = {isa = PBXFileReference; fileEncoding = 4; lastKnownFileType = sourcecode.c.objc; path = "MKAnnotationView+WebCache.m"; sourceTree = "<group>"; };
		A05AA054257F6DF60017A6B8 /* UIImageView+WebCache.h */ = {isa = PBXFileReference; fileEncoding = 4; lastKnownFileType = sourcecode.c.h; path = "UIImageView+WebCache.h"; sourceTree = "<group>"; };
		A05AA055257F6DF60017A6B8 /* NSData+ImageContentType.h */ = {isa = PBXFileReference; fileEncoding = 4; lastKnownFileType = sourcecode.c.h; path = "NSData+ImageContentType.h"; sourceTree = "<group>"; };
		A05AA056257F6DF60017A6B8 /* SDWebImageManager.m */ = {isa = PBXFileReference; fileEncoding = 4; lastKnownFileType = sourcecode.c.objc; path = SDWebImageManager.m; sourceTree = "<group>"; };
		A05AA057257F6DF60017A6B8 /* SDWebImageDecoder.m */ = {isa = PBXFileReference; fileEncoding = 4; lastKnownFileType = sourcecode.c.objc; path = SDWebImageDecoder.m; sourceTree = "<group>"; };
		A05AA058257F6DF60017A6B8 /* SDWebImageDownloaderOperation.h */ = {isa = PBXFileReference; fileEncoding = 4; lastKnownFileType = sourcecode.c.h; path = SDWebImageDownloaderOperation.h; sourceTree = "<group>"; };
		A05AA059257F6DF60017A6B8 /* UIImageView+HighlightedWebCache.m */ = {isa = PBXFileReference; fileEncoding = 4; lastKnownFileType = sourcecode.c.objc; path = "UIImageView+HighlightedWebCache.m"; sourceTree = "<group>"; };
		A05AA05A257F6DF60017A6B8 /* SDImageCache.h */ = {isa = PBXFileReference; fileEncoding = 4; lastKnownFileType = sourcecode.c.h; path = SDImageCache.h; sourceTree = "<group>"; };
		A05AA05B257F6DF60017A6B8 /* SDWebImageDownloader.m */ = {isa = PBXFileReference; fileEncoding = 4; lastKnownFileType = sourcecode.c.objc; path = SDWebImageDownloader.m; sourceTree = "<group>"; };
		A05AA05C257F6DF60017A6B8 /* UIImage+GIF.m */ = {isa = PBXFileReference; fileEncoding = 4; lastKnownFileType = sourcecode.c.objc; path = "UIImage+GIF.m"; sourceTree = "<group>"; };
		A05AA05D257F6DF60017A6B8 /* UIButton+WebCache.h */ = {isa = PBXFileReference; fileEncoding = 4; lastKnownFileType = sourcecode.c.h; path = "UIButton+WebCache.h"; sourceTree = "<group>"; };
		A05AA05E257F6DF60017A6B8 /* UIImage+MultiFormat.m */ = {isa = PBXFileReference; fileEncoding = 4; lastKnownFileType = sourcecode.c.objc; path = "UIImage+MultiFormat.m"; sourceTree = "<group>"; };
		A05AA05F257F6DF60017A6B8 /* SDWebImageCompat.m */ = {isa = PBXFileReference; fileEncoding = 4; lastKnownFileType = sourcecode.c.objc; path = SDWebImageCompat.m; sourceTree = "<group>"; };
		A05AA060257F6DF60017A6B8 /* SDWebImagePrefetcher.m */ = {isa = PBXFileReference; fileEncoding = 4; lastKnownFileType = sourcecode.c.objc; path = SDWebImagePrefetcher.m; sourceTree = "<group>"; };
		A05AA061257F6DF60017A6B8 /* UIView+WebCacheOperation.h */ = {isa = PBXFileReference; fileEncoding = 4; lastKnownFileType = sourcecode.c.h; path = "UIView+WebCacheOperation.h"; sourceTree = "<group>"; };
		A05AA062257F6DF60017A6B8 /* MKAnnotationView+WebCache.h */ = {isa = PBXFileReference; fileEncoding = 4; lastKnownFileType = sourcecode.c.h; path = "MKAnnotationView+WebCache.h"; sourceTree = "<group>"; };
		A05AA063257F6DF60017A6B8 /* UIImage+WebP.h */ = {isa = PBXFileReference; fileEncoding = 4; lastKnownFileType = sourcecode.c.h; path = "UIImage+WebP.h"; sourceTree = "<group>"; };
		A05AA064257F6DF60017A6B8 /* SDImageCache.m */ = {isa = PBXFileReference; fileEncoding = 4; lastKnownFileType = sourcecode.c.objc; path = SDImageCache.m; sourceTree = "<group>"; };
		A05AA065257F6DF60017A6B8 /* UIImageView+HighlightedWebCache.h */ = {isa = PBXFileReference; fileEncoding = 4; lastKnownFileType = sourcecode.c.h; path = "UIImageView+HighlightedWebCache.h"; sourceTree = "<group>"; };
		A05AA066257F6DF60017A6B8 /* SDWebImageDownloaderOperation.m */ = {isa = PBXFileReference; fileEncoding = 4; lastKnownFileType = sourcecode.c.objc; path = SDWebImageDownloaderOperation.m; sourceTree = "<group>"; };
		A05AA067257F6DF60017A6B8 /* SDWebImageDecoder.h */ = {isa = PBXFileReference; fileEncoding = 4; lastKnownFileType = sourcecode.c.h; path = SDWebImageDecoder.h; sourceTree = "<group>"; };
		A05AA068257F6DF60017A6B8 /* SDWebImageManager.h */ = {isa = PBXFileReference; fileEncoding = 4; lastKnownFileType = sourcecode.c.h; path = SDWebImageManager.h; sourceTree = "<group>"; };
		A05AA069257F6DF60017A6B8 /* NSData+ImageContentType.m */ = {isa = PBXFileReference; fileEncoding = 4; lastKnownFileType = sourcecode.c.objc; path = "NSData+ImageContentType.m"; sourceTree = "<group>"; };
		A05AA06A257F6DF60017A6B8 /* UIImageView+WebCache.m */ = {isa = PBXFileReference; fileEncoding = 4; lastKnownFileType = sourcecode.c.objc; path = "UIImageView+WebCache.m"; sourceTree = "<group>"; };
		A05AA06B257F6DF60017A6B8 /* SDWebImageOperation.h */ = {isa = PBXFileReference; fileEncoding = 4; lastKnownFileType = sourcecode.c.h; path = SDWebImageOperation.h; sourceTree = "<group>"; };
		A05AA06C257F6DF60017A6B8 /* SDWebImageDownloader.h */ = {isa = PBXFileReference; fileEncoding = 4; lastKnownFileType = sourcecode.c.h; path = SDWebImageDownloader.h; sourceTree = "<group>"; };
		A05AA06D257F6DF60017A6B8 /* UIView+WebCacheOperation.m */ = {isa = PBXFileReference; fileEncoding = 4; lastKnownFileType = sourcecode.c.objc; path = "UIView+WebCacheOperation.m"; sourceTree = "<group>"; };
		A05AA06E257F6DF60017A6B8 /* SDWebImagePrefetcher.h */ = {isa = PBXFileReference; fileEncoding = 4; lastKnownFileType = sourcecode.c.h; path = SDWebImagePrefetcher.h; sourceTree = "<group>"; };
		A05AA06F257F6DF60017A6B8 /* SDWebImageCompat.h */ = {isa = PBXFileReference; fileEncoding = 4; lastKnownFileType = sourcecode.c.h; path = SDWebImageCompat.h; sourceTree = "<group>"; };
		A05AA070257F6DF60017A6B8 /* UIImage+MultiFormat.h */ = {isa = PBXFileReference; fileEncoding = 4; lastKnownFileType = sourcecode.c.h; path = "UIImage+MultiFormat.h"; sourceTree = "<group>"; };
		A05AA071257F6DF60017A6B8 /* UIButton+WebCache.m */ = {isa = PBXFileReference; fileEncoding = 4; lastKnownFileType = sourcecode.c.objc; path = "UIButton+WebCache.m"; sourceTree = "<group>"; };
		A05AA072257F6DF60017A6B8 /* UIImage+GIF.h */ = {isa = PBXFileReference; fileEncoding = 4; lastKnownFileType = sourcecode.c.h; path = "UIImage+GIF.h"; sourceTree = "<group>"; };
		A05AA08B2580CCBB0017A6B8 /* SEPreviewPictureController.h */ = {isa = PBXFileReference; lastKnownFileType = sourcecode.c.h; path = SEPreviewPictureController.h; sourceTree = "<group>"; };
		A05AA08C2580CCBB0017A6B8 /* SEPreviewPictureController.m */ = {isa = PBXFileReference; lastKnownFileType = sourcecode.c.objc; path = SEPreviewPictureController.m; sourceTree = "<group>"; };
		A05AA0AF2583206E0017A6B8 /* UIScrollView+Extension.h */ = {isa = PBXFileReference; lastKnownFileType = sourcecode.c.h; path = "UIScrollView+Extension.h"; sourceTree = "<group>"; };
		A05AA0B02583206E0017A6B8 /* UIScrollView+Extension.m */ = {isa = PBXFileReference; lastKnownFileType = sourcecode.c.objc; path = "UIScrollView+Extension.m"; sourceTree = "<group>"; };
		A0A0BBCC255E68F8008597BB /* SEAlbumManager.h */ = {isa = PBXFileReference; lastKnownFileType = sourcecode.c.h; path = SEAlbumManager.h; sourceTree = "<group>"; };
		A0A0BBCD255E68F8008597BB /* SEAlbumManager.m */ = {isa = PBXFileReference; lastKnownFileType = sourcecode.c.objc; path = SEAlbumManager.m; sourceTree = "<group>"; };
		A0A0BBD0255E694C008597BB /* SEPhotoManager.h */ = {isa = PBXFileReference; lastKnownFileType = sourcecode.c.h; path = SEPhotoManager.h; sourceTree = "<group>"; };
		A0A0BBD1255E694C008597BB /* SEPhotoManager.m */ = {isa = PBXFileReference; lastKnownFileType = sourcecode.c.objc; path = SEPhotoManager.m; sourceTree = "<group>"; };
		A0A0BBD3255E6A37008597BB /* SEAlbumModel.h */ = {isa = PBXFileReference; lastKnownFileType = sourcecode.c.h; path = SEAlbumModel.h; sourceTree = "<group>"; };
		A0A0BBD4255E6A37008597BB /* SEAlbumModel.m */ = {isa = PBXFileReference; lastKnownFileType = sourcecode.c.objc; path = SEAlbumModel.m; sourceTree = "<group>"; };
		A0A0BBD6255E6A45008597BB /* SEPhotoModel.h */ = {isa = PBXFileReference; lastKnownFileType = sourcecode.c.h; path = SEPhotoModel.h; sourceTree = "<group>"; };
		A0A0BBD7255E6A45008597BB /* SEPhotoModel.m */ = {isa = PBXFileReference; lastKnownFileType = sourcecode.c.objc; path = SEPhotoModel.m; sourceTree = "<group>"; };
		A0A0BBDA255E713F008597BB /* SEAlbumViewController.h */ = {isa = PBXFileReference; lastKnownFileType = sourcecode.c.h; path = SEAlbumViewController.h; sourceTree = "<group>"; };
		A0A0BBDB255E713F008597BB /* SEAlbumViewController.m */ = {isa = PBXFileReference; lastKnownFileType = sourcecode.c.objc; path = SEAlbumViewController.m; sourceTree = "<group>"; };
		A0A0BBDD255F63AB008597BB /* SEAlbumCollectionViewCell.h */ = {isa = PBXFileReference; lastKnownFileType = sourcecode.c.h; path = SEAlbumCollectionViewCell.h; sourceTree = "<group>"; };
		A0A0BBDE255F63AB008597BB /* SEAlbumCollectionViewCell.m */ = {isa = PBXFileReference; lastKnownFileType = sourcecode.c.objc; path = SEAlbumCollectionViewCell.m; sourceTree = "<group>"; };
		A0B3FD94255ABB6B0072BCED /* SEPhotoLibrary.app */ = {isa = PBXFileReference; explicitFileType = wrapper.application; includeInIndex = 0; path = SEPhotoLibrary.app; sourceTree = BUILT_PRODUCTS_DIR; };
		A0B3FD97255ABB6B0072BCED /* AppDelegate.h */ = {isa = PBXFileReference; lastKnownFileType = sourcecode.c.h; path = AppDelegate.h; sourceTree = "<group>"; };
		A0B3FD98255ABB6B0072BCED /* AppDelegate.m */ = {isa = PBXFileReference; lastKnownFileType = sourcecode.c.objc; path = AppDelegate.m; sourceTree = "<group>"; };
		A0B3FD9D255ABB6B0072BCED /* ViewController.h */ = {isa = PBXFileReference; lastKnownFileType = sourcecode.c.h; path = ViewController.h; sourceTree = "<group>"; };
		A0B3FD9E255ABB6B0072BCED /* ViewController.m */ = {isa = PBXFileReference; lastKnownFileType = sourcecode.c.objc; path = ViewController.m; sourceTree = "<group>"; };
		A0B3FDA1255ABB6B0072BCED /* Base */ = {isa = PBXFileReference; lastKnownFileType = file.storyboard; name = Base; path = Base.lproj/Main.storyboard; sourceTree = "<group>"; };
		A0B3FDA3255ABB6E0072BCED /* Assets.xcassets */ = {isa = PBXFileReference; lastKnownFileType = folder.assetcatalog; path = Assets.xcassets; sourceTree = "<group>"; };
		A0B3FDA6255ABB6E0072BCED /* Base */ = {isa = PBXFileReference; lastKnownFileType = file.storyboard; name = Base; path = Base.lproj/LaunchScreen.storyboard; sourceTree = "<group>"; };
		A0B3FDA8255ABB6E0072BCED /* Info.plist */ = {isa = PBXFileReference; lastKnownFileType = text.plist.xml; path = Info.plist; sourceTree = "<group>"; };
		A0B3FDA9255ABB6E0072BCED /* main.m */ = {isa = PBXFileReference; lastKnownFileType = sourcecode.c.objc; path = main.m; sourceTree = "<group>"; };
		A0C74414257DC9B800AB707B /* SEAlbumListView.h */ = {isa = PBXFileReference; lastKnownFileType = sourcecode.c.h; path = SEAlbumListView.h; sourceTree = "<group>"; };
		A0C74415257DC9B800AB707B /* SEAlbumListView.m */ = {isa = PBXFileReference; lastKnownFileType = sourcecode.c.objc; path = SEAlbumListView.m; sourceTree = "<group>"; };
		A0C74419257DC9C900AB707B /* SEAlbumListViewCell.h */ = {isa = PBXFileReference; lastKnownFileType = sourcecode.c.h; path = SEAlbumListViewCell.h; sourceTree = "<group>"; };
		A0C7441A257DC9C900AB707B /* SEAlbumListViewCell.m */ = {isa = PBXFileReference; lastKnownFileType = sourcecode.c.objc; path = SEAlbumListViewCell.m; sourceTree = "<group>"; };
		A0C7441D257DCE8B00AB707B /* SEAlbumView.h */ = {isa = PBXFileReference; lastKnownFileType = sourcecode.c.h; path = SEAlbumView.h; sourceTree = "<group>"; };
		A0C7441E257DCE8B00AB707B /* SEAlbumView.m */ = {isa = PBXFileReference; lastKnownFileType = sourcecode.c.objc; path = SEAlbumView.m; sourceTree = "<group>"; };
		A0C74421257E033C00AB707B /* SECameraViewController.h */ = {isa = PBXFileReference; lastKnownFileType = sourcecode.c.h; path = SECameraViewController.h; sourceTree = "<group>"; };
		A0C74422257E033C00AB707B /* SECameraViewController.m */ = {isa = PBXFileReference; lastKnownFileType = sourcecode.c.objc; path = SECameraViewController.m; sourceTree = "<group>"; };
		A0C74491257E2E8F00AB707B /* camera.png */ = {isa = PBXFileReference; lastKnownFileType = image.png; path = camera.png; sourceTree = "<group>"; };
		A0CCCA99257F1A0E0000E241 /* TOCropViewController.h */ = {isa = PBXFileReference; fileEncoding = 4; lastKnownFileType = sourcecode.c.h; path = TOCropViewController.h; sourceTree = "<group>"; };
		A0CCCA9A257F1A0E0000E241 /* TOCropViewController.m */ = {isa = PBXFileReference; fileEncoding = 4; lastKnownFileType = sourcecode.c.objc; path = TOCropViewController.m; sourceTree = "<group>"; };
		A0CCCA9D257F1A270000E241 /* TOCropView.h */ = {isa = PBXFileReference; fileEncoding = 4; lastKnownFileType = sourcecode.c.h; path = TOCropView.h; sourceTree = "<group>"; };
		A0CCCA9E257F1A280000E241 /* TOCropView.m */ = {isa = PBXFileReference; fileEncoding = 4; lastKnownFileType = sourcecode.c.objc; path = TOCropView.m; sourceTree = "<group>"; };
		A0CCCAA1257F1A370000E241 /* TOCropToolbar.m */ = {isa = PBXFileReference; fileEncoding = 4; lastKnownFileType = sourcecode.c.objc; path = TOCropToolbar.m; sourceTree = "<group>"; };
		A0CCCAA2257F1A370000E241 /* TOCropToolbar.h */ = {isa = PBXFileReference; fileEncoding = 4; lastKnownFileType = sourcecode.c.h; path = TOCropToolbar.h; sourceTree = "<group>"; };
		A0CCCAA5257F1A430000E241 /* TOCropViewControllerTransitioning.h */ = {isa = PBXFileReference; fileEncoding = 4; lastKnownFileType = sourcecode.c.h; path = TOCropViewControllerTransitioning.h; sourceTree = "<group>"; };
		A0CCCAA6257F1A430000E241 /* TOCropViewControllerTransitioning.m */ = {isa = PBXFileReference; fileEncoding = 4; lastKnownFileType = sourcecode.c.objc; path = TOCropViewControllerTransitioning.m; sourceTree = "<group>"; };
		A0CCCAA9257F1A590000E241 /* TOActivityCroppedImageProvider.h */ = {isa = PBXFileReference; fileEncoding = 4; lastKnownFileType = sourcecode.c.h; path = TOActivityCroppedImageProvider.h; sourceTree = "<group>"; };
		A0CCCAAA257F1A590000E241 /* TOActivityCroppedImageProvider.m */ = {isa = PBXFileReference; fileEncoding = 4; lastKnownFileType = sourcecode.c.objc; path = TOActivityCroppedImageProvider.m; sourceTree = "<group>"; };
		A0CCCAAD257F1A6D0000E241 /* UIImage+CropRotate.h */ = {isa = PBXFileReference; fileEncoding = 4; lastKnownFileType = sourcecode.c.h; path = "UIImage+CropRotate.h"; sourceTree = "<group>"; };
		A0CCCAAE257F1A6D0000E241 /* UIImage+CropRotate.m */ = {isa = PBXFileReference; fileEncoding = 4; lastKnownFileType = sourcecode.c.objc; path = "UIImage+CropRotate.m"; sourceTree = "<group>"; };
		A0CCCAB1257F1A7C0000E241 /* TOCroppedImageAttributes.m */ = {isa = PBXFileReference; fileEncoding = 4; lastKnownFileType = sourcecode.c.objc; path = TOCroppedImageAttributes.m; sourceTree = "<group>"; };
		A0CCCAB2257F1A7C0000E241 /* TOCroppedImageAttributes.h */ = {isa = PBXFileReference; fileEncoding = 4; lastKnownFileType = sourcecode.c.h; path = TOCroppedImageAttributes.h; sourceTree = "<group>"; };
		A0CCCAB7257F1C6F0000E241 /* TOCropOverlayView.m */ = {isa = PBXFileReference; fileEncoding = 4; lastKnownFileType = sourcecode.c.objc; path = TOCropOverlayView.m; sourceTree = "<group>"; };
		A0CCCAB8257F1C6F0000E241 /* TOCropOverlayView.h */ = {isa = PBXFileReference; fileEncoding = 4; lastKnownFileType = sourcecode.c.h; path = TOCropOverlayView.h; sourceTree = "<group>"; };
		A0CCCABB257F1C7F0000E241 /* TOCropScrollView.m */ = {isa = PBXFileReference; fileEncoding = 4; lastKnownFileType = sourcecode.c.objc; path = TOCropScrollView.m; sourceTree = "<group>"; };
		A0CCCABC257F1C7F0000E241 /* TOCropScrollView.h */ = {isa = PBXFileReference; fileEncoding = 4; lastKnownFileType = sourcecode.c.h; path = TOCropScrollView.h; sourceTree = "<group>"; };
/* End PBXFileReference section */

/* Begin PBXFrameworksBuildPhase section */
		A0B3FD91255ABB6B0072BCED /* Frameworks */ = {
			isa = PBXFrameworksBuildPhase;
			buildActionMask = 2147483647;
			files = (
			);
			runOnlyForDeploymentPostprocessing = 0;
		};
/* End PBXFrameworksBuildPhase section */

/* Begin PBXGroup section */
		90822A06257E86FB0071D762 /* category */ = {
			isa = PBXGroup;
			children = (
				A0CCCAAD257F1A6D0000E241 /* UIImage+CropRotate.h */,
				A0CCCAAE257F1A6D0000E241 /* UIImage+CropRotate.m */,
				90822A08257E87160071D762 /* UIImage+Extension.h */,
				90822A07257E87160071D762 /* UIImage+Extension.m */,
				A05AA0AF2583206E0017A6B8 /* UIScrollView+Extension.h */,
				A05AA0B02583206E0017A6B8 /* UIScrollView+Extension.m */,
			);
			path = category;
			sourceTree = "<group>";
		};
		90822A432580F4F00071D762 /* previewPicture */ = {
			isa = PBXGroup;
			children = (
				90822A452580F5110071D762 /* view */,
				90822A442580F5060071D762 /* controller */,
			);
			path = previewPicture;
			sourceTree = "<group>";
		};
		90822A442580F5060071D762 /* controller */ = {
			isa = PBXGroup;
			children = (
				A05AA08B2580CCBB0017A6B8 /* SEPreviewPictureController.h */,
				A05AA08C2580CCBB0017A6B8 /* SEPreviewPictureController.m */,
			);
			path = controller;
			sourceTree = "<group>";
		};
		90822A452580F5110071D762 /* view */ = {
			isa = PBXGroup;
			children = (
				90822A532581E8D40071D762 /* cell */,
				90822A4E2581E7120071D762 /* SEImageNavigationView.h */,
				90822A4D2581E7120071D762 /* SEImageNavigationView.m */,
				90822A4F2581E7120071D762 /* SEImageToolView.h */,
				90822A502581E7120071D762 /* SEImageToolView.m */,
			);
			path = view;
			sourceTree = "<group>";
		};
		90822A532581E8D40071D762 /* cell */ = {
			isa = PBXGroup;
			children = (
				90822A5C2581ECC50071D762 /* SEPreviewCell.h */,
				90822A5A2581ECC50071D762 /* SEPreviewCell.m */,
				90822A5D2581ECC50071D762 /* SEPreviewThumbCell.h */,
				90822A5B2581ECC50071D762 /* SEPreviewThumbCell.m */,
			);
			path = cell;
			sourceTree = "<group>";
		};
		90822A60258266BC0071D762 /* albumManager */ = {
			isa = PBXGroup;
			children = (
				A0A0BBCC255E68F8008597BB /* SEAlbumManager.h */,
				A0A0BBCD255E68F8008597BB /* SEAlbumManager.m */,
			);
			path = albumManager;
			sourceTree = "<group>";
		};
		A05AA044257F6AFD0017A6B8 /* SDPhotoBrowser */ = {
			isa = PBXGroup;
			children = (
				A05AA045257F6AFD0017A6B8 /* SDPhotoBrowserConfig.h */,
				A05AA046257F6AFD0017A6B8 /* SDPhotoBrowser.m */,
				A05AA047257F6AFD0017A6B8 /* SDWaitingView.m */,
				A05AA048257F6AFD0017A6B8 /* SDBrowserImageView.m */,
				A05AA049257F6AFD0017A6B8 /* SDWaitingView.h */,
				A05AA04A257F6AFD0017A6B8 /* SDPhotoBrowser.h */,
				A05AA04B257F6AFD0017A6B8 /* SDBrowserImageView.h */,
			);
			path = SDPhotoBrowser;
			sourceTree = "<group>";
		};
		A05AA050257F6DF60017A6B8 /* Vender */ = {
			isa = PBXGroup;
			children = (
				A05AA051257F6DF60017A6B8 /* SDWebImage */,
			);
			path = Vender;
			sourceTree = "<group>";
		};
		A05AA051257F6DF60017A6B8 /* SDWebImage */ = {
			isa = PBXGroup;
			children = (
				A05AA052257F6DF60017A6B8 /* UIImage+WebP.m */,
				A05AA053257F6DF60017A6B8 /* MKAnnotationView+WebCache.m */,
				A05AA054257F6DF60017A6B8 /* UIImageView+WebCache.h */,
				A05AA055257F6DF60017A6B8 /* NSData+ImageContentType.h */,
				A05AA056257F6DF60017A6B8 /* SDWebImageManager.m */,
				A05AA057257F6DF60017A6B8 /* SDWebImageDecoder.m */,
				A05AA058257F6DF60017A6B8 /* SDWebImageDownloaderOperation.h */,
				A05AA059257F6DF60017A6B8 /* UIImageView+HighlightedWebCache.m */,
				A05AA05A257F6DF60017A6B8 /* SDImageCache.h */,
				A05AA05B257F6DF60017A6B8 /* SDWebImageDownloader.m */,
				A05AA05C257F6DF60017A6B8 /* UIImage+GIF.m */,
				A05AA05D257F6DF60017A6B8 /* UIButton+WebCache.h */,
				A05AA05E257F6DF60017A6B8 /* UIImage+MultiFormat.m */,
				A05AA05F257F6DF60017A6B8 /* SDWebImageCompat.m */,
				A05AA060257F6DF60017A6B8 /* SDWebImagePrefetcher.m */,
				A05AA061257F6DF60017A6B8 /* UIView+WebCacheOperation.h */,
				A05AA062257F6DF60017A6B8 /* MKAnnotationView+WebCache.h */,
				A05AA063257F6DF60017A6B8 /* UIImage+WebP.h */,
				A05AA064257F6DF60017A6B8 /* SDImageCache.m */,
				A05AA065257F6DF60017A6B8 /* UIImageView+HighlightedWebCache.h */,
				A05AA066257F6DF60017A6B8 /* SDWebImageDownloaderOperation.m */,
				A05AA067257F6DF60017A6B8 /* SDWebImageDecoder.h */,
				A05AA068257F6DF60017A6B8 /* SDWebImageManager.h */,
				A05AA069257F6DF60017A6B8 /* NSData+ImageContentType.m */,
				A05AA06A257F6DF60017A6B8 /* UIImageView+WebCache.m */,
				A05AA06B257F6DF60017A6B8 /* SDWebImageOperation.h */,
				A05AA06C257F6DF60017A6B8 /* SDWebImageDownloader.h */,
				A05AA06D257F6DF60017A6B8 /* UIView+WebCacheOperation.m */,
				A05AA06E257F6DF60017A6B8 /* SDWebImagePrefetcher.h */,
				A05AA06F257F6DF60017A6B8 /* SDWebImageCompat.h */,
				A05AA070257F6DF60017A6B8 /* UIImage+MultiFormat.h */,
				A05AA071257F6DF60017A6B8 /* UIButton+WebCache.m */,
				A05AA072257F6DF60017A6B8 /* UIImage+GIF.h */,
			);
			path = SDWebImage;
			sourceTree = "<group>";
		};
		A05AA08A2580CC2D0017A6B8 /* temp */ = {
			isa = PBXGroup;
			children = (
				A0CCCAB2257F1A7C0000E241 /* TOCroppedImageAttributes.h */,
				A0CCCAB1257F1A7C0000E241 /* TOCroppedImageAttributes.m */,
				A0CCCAA9257F1A590000E241 /* TOActivityCroppedImageProvider.h */,
				A0CCCAAA257F1A590000E241 /* TOActivityCroppedImageProvider.m */,
				A0CCCAA5257F1A430000E241 /* TOCropViewControllerTransitioning.h */,
				A0CCCAA6257F1A430000E241 /* TOCropViewControllerTransitioning.m */,
				A0CCCAA2257F1A370000E241 /* TOCropToolbar.h */,
				A0CCCAA1257F1A370000E241 /* TOCropToolbar.m */,
				A0CCCA9D257F1A270000E241 /* TOCropView.h */,
				A0CCCA9E257F1A280000E241 /* TOCropView.m */,
				A0CCCA99257F1A0E0000E241 /* TOCropViewController.h */,
				A0CCCA9A257F1A0E0000E241 /* TOCropViewController.m */,
			);
			path = temp;
			sourceTree = "<group>";
		};
		A05AA08F2580D9260017A6B8 /* controller */ = {
			isa = PBXGroup;
			children = (
				90822A03257E7CC60071D762 /* SEEditPictureViewController.h */,
				90822A04257E7CC60071D762 /* SEEditPictureViewController.m */,
			);
			path = controller;
			sourceTree = "<group>";
		};
		A05AA0902580D9540017A6B8 /* selectPicture */ = {
			isa = PBXGroup;
			children = (
				A0A0BBCA255E68C6008597BB /* model */,
				A0A0BBC9255E68B5008597BB /* view */,
				A0A0BBC8255E68AB008597BB /* controller */,
			);
			path = selectPicture;
			sourceTree = "<group>";
		};
		A05AA0922580DA270017A6B8 /* view */ = {
			isa = PBXGroup;
			children = (
			);
			path = view;
			sourceTree = "<group>";
		};
		A05AA0932580DA320017A6B8 /* model */ = {
			isa = PBXGroup;
			children = (
			);
			path = model;
			sourceTree = "<group>";
		};
		A0A0BBC7255E6875008597BB /* Album */ = {
			isa = PBXGroup;
			children = (
				90822A432580F4F00071D762 /* previewPicture */,
				A05AA0902580D9540017A6B8 /* selectPicture */,
				A0CCCA98257F19D40000E241 /* editPicture */,
				A05AA050257F6DF60017A6B8 /* Vender */,
				90822A06257E86FB0071D762 /* category */,
				A0C74490257E2E8300AB707B /* assets */,
				A0A0BBD9255E6A7A008597BB /* manager */,
			);
			path = Album;
			sourceTree = "<group>";
		};
		A0A0BBC8255E68AB008597BB /* controller */ = {
			isa = PBXGroup;
			children = (
				A0A0BBDA255E713F008597BB /* SEAlbumViewController.h */,
				A0A0BBDB255E713F008597BB /* SEAlbumViewController.m */,
				A0C74421257E033C00AB707B /* SECameraViewController.h */,
				A0C74422257E033C00AB707B /* SECameraViewController.m */,
			);
			path = controller;
			sourceTree = "<group>";
		};
		A0A0BBC9255E68B5008597BB /* view */ = {
			isa = PBXGroup;
			children = (
				A0CCCAB6257F1C610000E241 /* temp */,
				A0C74413257DC96E00AB707B /* albumListView */,
				A0A0BBDD255F63AB008597BB /* SEAlbumCollectionViewCell.h */,
				A0A0BBDE255F63AB008597BB /* SEAlbumCollectionViewCell.m */,
			);
			path = view;
			sourceTree = "<group>";
		};
		A0A0BBCA255E68C6008597BB /* model */ = {
			isa = PBXGroup;
			children = (
				A0A0BBD3255E6A37008597BB /* SEAlbumModel.h */,
				A0A0BBD4255E6A37008597BB /* SEAlbumModel.m */,
				A0A0BBD6255E6A45008597BB /* SEPhotoModel.h */,
				A0A0BBD7255E6A45008597BB /* SEPhotoModel.m */,
			);
			path = model;
			sourceTree = "<group>";
		};
		A0A0BBCF255E6923008597BB /* PhotoManager */ = {
			isa = PBXGroup;
			children = (
				A0A0BBD0255E694C008597BB /* SEPhotoManager.h */,
				A0A0BBD1255E694C008597BB /* SEPhotoManager.m */,
			);
			path = PhotoManager;
			sourceTree = "<group>";
		};
		A0A0BBD9255E6A7A008597BB /* manager */ = {
			isa = PBXGroup;
			children = (
				90822A60258266BC0071D762 /* albumManager */,
				A0A0BBCF255E6923008597BB /* PhotoManager */,
			);
			path = manager;
			sourceTree = "<group>";
		};
		A0B3FD8B255ABB6B0072BCED = {
			isa = PBXGroup;
			children = (
				A0B3FD96255ABB6B0072BCED /* SEPhotoLibrary */,
				A0B3FD95255ABB6B0072BCED /* Products */,
			);
			sourceTree = "<group>";
		};
		A0B3FD95255ABB6B0072BCED /* Products */ = {
			isa = PBXGroup;
			children = (
				A0B3FD94255ABB6B0072BCED /* SEPhotoLibrary.app */,
			);
			name = Products;
			sourceTree = "<group>";
		};
		A0B3FD96255ABB6B0072BCED /* SEPhotoLibrary */ = {
			isa = PBXGroup;
			children = (
				A0A0BBC7255E6875008597BB /* Album */,
				A0B3FD97255ABB6B0072BCED /* AppDelegate.h */,
				A0B3FD98255ABB6B0072BCED /* AppDelegate.m */,
				A0B3FD9D255ABB6B0072BCED /* ViewController.h */,
				A0B3FD9E255ABB6B0072BCED /* ViewController.m */,
				A0B3FDA0255ABB6B0072BCED /* Main.storyboard */,
				A0B3FDA3255ABB6E0072BCED /* Assets.xcassets */,
				A0B3FDA5255ABB6E0072BCED /* LaunchScreen.storyboard */,
				A0B3FDA8255ABB6E0072BCED /* Info.plist */,
				A0B3FDA9255ABB6E0072BCED /* main.m */,
			);
			path = SEPhotoLibrary;
			sourceTree = "<group>";
		};
		A0C74413257DC96E00AB707B /* albumListView */ = {
			isa = PBXGroup;
			children = (
				A0C74414257DC9B800AB707B /* SEAlbumListView.h */,
				A0C74415257DC9B800AB707B /* SEAlbumListView.m */,
				A0C74419257DC9C900AB707B /* SEAlbumListViewCell.h */,
				A0C7441A257DC9C900AB707B /* SEAlbumListViewCell.m */,
				A0C7441D257DCE8B00AB707B /* SEAlbumView.h */,
				A0C7441E257DCE8B00AB707B /* SEAlbumView.m */,
			);
			path = albumListView;
			sourceTree = "<group>";
		};
		A0C74490257E2E8300AB707B /* assets */ = {
			isa = PBXGroup;
			children = (
				A0C74491257E2E8F00AB707B /* camera.png */,
			);
			path = assets;
			sourceTree = "<group>";
		};
		A0CCCA98257F19D40000E241 /* editPicture */ = {
			isa = PBXGroup;
			children = (
				A05AA0932580DA320017A6B8 /* model */,
				A05AA0922580DA270017A6B8 /* view */,
				A05AA08F2580D9260017A6B8 /* controller */,
				A05AA08A2580CC2D0017A6B8 /* temp */,
			);
			path = editPicture;
			sourceTree = "<group>";
		};
		A0CCCAB6257F1C610000E241 /* temp */ = {
			isa = PBXGroup;
			children = (
				A0CCCABC257F1C7F0000E241 /* TOCropScrollView.h */,
				A0CCCABB257F1C7F0000E241 /* TOCropScrollView.m */,
				A0CCCAB8257F1C6F0000E241 /* TOCropOverlayView.h */,
				A0CCCAB7257F1C6F0000E241 /* TOCropOverlayView.m */,
				A05AA044257F6AFD0017A6B8 /* SDPhotoBrowser */,
			);
			path = temp;
			sourceTree = "<group>";
		};
/* End PBXGroup section */

/* Begin PBXNativeTarget section */
		A0B3FD93255ABB6B0072BCED /* SEPhotoLibrary */ = {
			isa = PBXNativeTarget;
			buildConfigurationList = A0B3FDAD255ABB6E0072BCED /* Build configuration list for PBXNativeTarget "SEPhotoLibrary" */;
			buildPhases = (
				A0B3FD90255ABB6B0072BCED /* Sources */,
				A0B3FD91255ABB6B0072BCED /* Frameworks */,
				A0B3FD92255ABB6B0072BCED /* Resources */,
			);
			buildRules = (
			);
			dependencies = (
			);
			name = SEPhotoLibrary;
			productName = SEPhotoLibrary;
			productReference = A0B3FD94255ABB6B0072BCED /* SEPhotoLibrary.app */;
			productType = "com.apple.product-type.application";
		};
/* End PBXNativeTarget section */

/* Begin PBXProject section */
		A0B3FD8C255ABB6B0072BCED /* Project object */ = {
			isa = PBXProject;
			attributes = {
				CLASSPREFIX = SE;
				LastUpgradeCheck = 1170;
				ORGANIZATIONNAME = seeEmil;
				TargetAttributes = {
					A0B3FD93255ABB6B0072BCED = {
						CreatedOnToolsVersion = 11.7;
					};
				};
			};
			buildConfigurationList = A0B3FD8F255ABB6B0072BCED /* Build configuration list for PBXProject "SEPhotoLibrary" */;
			compatibilityVersion = "Xcode 9.3";
			developmentRegion = en;
			hasScannedForEncodings = 0;
			knownRegions = (
				en,
				Base,
			);
			mainGroup = A0B3FD8B255ABB6B0072BCED;
			productRefGroup = A0B3FD95255ABB6B0072BCED /* Products */;
			projectDirPath = "";
			projectRoot = "";
			targets = (
				A0B3FD93255ABB6B0072BCED /* SEPhotoLibrary */,
			);
		};
/* End PBXProject section */

/* Begin PBXResourcesBuildPhase section */
		A0B3FD92255ABB6B0072BCED /* Resources */ = {
			isa = PBXResourcesBuildPhase;
			buildActionMask = 2147483647;
			files = (
				A0B3FDA7255ABB6E0072BCED /* LaunchScreen.storyboard in Resources */,
				A0B3FDA4255ABB6E0072BCED /* Assets.xcassets in Resources */,
				A0C74492257E2E8F00AB707B /* camera.png in Resources */,
				A0B3FDA2255ABB6B0072BCED /* Main.storyboard in Resources */,
			);
			runOnlyForDeploymentPostprocessing = 0;
		};
/* End PBXResourcesBuildPhase section */

/* Begin PBXSourcesBuildPhase section */
		A0B3FD90255ABB6B0072BCED /* Sources */ = {
			isa = PBXSourcesBuildPhase;
			buildActionMask = 2147483647;
			files = (
				A05AA081257F6DF60017A6B8 /* UIView+WebCacheOperation.m in Sources */,
				A05AA0B12583206E0017A6B8 /* UIScrollView+Extension.m in Sources */,
				90822A09257E87160071D762 /* UIImage+Extension.m in Sources */,
				A0C74416257DC9B800AB707B /* SEAlbumListView.m in Sources */,
				A05AA075257F6DF60017A6B8 /* SDWebImageManager.m in Sources */,
				A05AA07C257F6DF60017A6B8 /* SDWebImagePrefetcher.m in Sources */,
				A0CCCAA3257F1A370000E241 /* TOCropToolbar.m in Sources */,
				A05AA07F257F6DF60017A6B8 /* NSData+ImageContentType.m in Sources */,
				A0C74423257E033C00AB707B /* SECameraViewController.m in Sources */,
				A05AA04E257F6AFD0017A6B8 /* SDBrowserImageView.m in Sources */,
				A05AA077257F6DF60017A6B8 /* UIImageView+HighlightedWebCache.m in Sources */,
				90822A5E2581ECC50071D762 /* SEPreviewCell.m in Sources */,
				A05AA073257F6DF60017A6B8 /* UIImage+WebP.m in Sources */,
				A0CCCAAB257F1A590000E241 /* TOActivityCroppedImageProvider.m in Sources */,
				A05AA07D257F6DF60017A6B8 /* SDImageCache.m in Sources */,
				A0C7441B257DC9C900AB707B /* SEAlbumListViewCell.m in Sources */,
				A0CCCA9F257F1A280000E241 /* TOCropView.m in Sources */,
				A0CCCAB9257F1C6F0000E241 /* TOCropOverlayView.m in Sources */,
				A05AA078257F6DF60017A6B8 /* SDWebImageDownloader.m in Sources */,
				A05AA04C257F6AFD0017A6B8 /* SDPhotoBrowser.m in Sources */,
				A0A0BBD8255E6A45008597BB /* SEPhotoModel.m in Sources */,
				A05AA07A257F6DF60017A6B8 /* UIImage+MultiFormat.m in Sources */,
				90822A512581E7120071D762 /* SEImageNavigationView.m in Sources */,
				A0B3FD9F255ABB6B0072BCED /* ViewController.m in Sources */,
				90822A522581E7120071D762 /* SEImageToolView.m in Sources */,
				A0C7441F257DCE8B00AB707B /* SEAlbumView.m in Sources */,
				A0CCCA9B257F1A0E0000E241 /* TOCropViewController.m in Sources */,
				A0CCCAA7257F1A430000E241 /* TOCropViewControllerTransitioning.m in Sources */,
				A05AA082257F6DF60017A6B8 /* UIButton+WebCache.m in Sources */,
				A0A0BBDC255E713F008597BB /* SEAlbumViewController.m in Sources */,
				A0CCCABD257F1C7F0000E241 /* TOCropScrollView.m in Sources */,
				90822A05257E7CC60071D762 /* SEEditPictureViewController.m in Sources */,
				A05AA07E257F6DF60017A6B8 /* SDWebImageDownloaderOperation.m in Sources */,
				A0B3FD99255ABB6B0072BCED /* AppDelegate.m in Sources */,
				A0CCCAAF257F1A6D0000E241 /* UIImage+CropRotate.m in Sources */,
				A05AA07B257F6DF60017A6B8 /* SDWebImageCompat.m in Sources */,
				A05AA04D257F6AFD0017A6B8 /* SDWaitingView.m in Sources */,
				A05AA080257F6DF60017A6B8 /* UIImageView+WebCache.m in Sources */,
				A05AA074257F6DF60017A6B8 /* MKAnnotationView+WebCache.m in Sources */,
				A05AA08D2580CCBB0017A6B8 /* SEPreviewPictureController.m in Sources */,
				A0A0BBD2255E694C008597BB /* SEPhotoManager.m in Sources */,
				A0CCCAB3257F1A7C0000E241 /* TOCroppedImageAttributes.m in Sources */,
				90822A5F2581ECC50071D762 /* SEPreviewThumbCell.m in Sources */,
				A0B3FDAA255ABB6E0072BCED /* main.m in Sources */,
				A05AA076257F6DF60017A6B8 /* SDWebImageDecoder.m in Sources */,
				A0A0BBCE255E68F8008597BB /* SEAlbumManager.m in Sources */,
				A0A0BBD5255E6A37008597BB /* SEAlbumModel.m in Sources */,
				A05AA079257F6DF60017A6B8 /* UIImage+GIF.m in Sources */,
				A0A0BBDF255F63AB008597BB /* SEAlbumCollectionViewCell.m in Sources */,
			);
			runOnlyForDeploymentPostprocessing = 0;
		};
/* End PBXSourcesBuildPhase section */

/* Begin PBXVariantGroup section */
		A0B3FDA0255ABB6B0072BCED /* Main.storyboard */ = {
			isa = PBXVariantGroup;
			children = (
				A0B3FDA1255ABB6B0072BCED /* Base */,
			);
			name = Main.storyboard;
			sourceTree = "<group>";
		};
		A0B3FDA5255ABB6E0072BCED /* LaunchScreen.storyboard */ = {
			isa = PBXVariantGroup;
			children = (
				A0B3FDA6255ABB6E0072BCED /* Base */,
			);
			name = LaunchScreen.storyboard;
			sourceTree = "<group>";
		};
/* End PBXVariantGroup section */

/* Begin XCBuildConfiguration section */
		A0B3FDAB255ABB6E0072BCED /* Debug */ = {
			isa = XCBuildConfiguration;
			buildSettings = {
				ALWAYS_SEARCH_USER_PATHS = NO;
				CLANG_ANALYZER_NONNULL = YES;
				CLANG_ANALYZER_NUMBER_OBJECT_CONVERSION = YES_AGGRESSIVE;
				CLANG_CXX_LANGUAGE_STANDARD = "gnu++14";
				CLANG_CXX_LIBRARY = "libc++";
				CLANG_ENABLE_MODULES = YES;
				CLANG_ENABLE_OBJC_ARC = YES;
				CLANG_ENABLE_OBJC_WEAK = YES;
				CLANG_WARN_BLOCK_CAPTURE_AUTORELEASING = YES;
				CLANG_WARN_BOOL_CONVERSION = YES;
				CLANG_WARN_COMMA = YES;
				CLANG_WARN_CONSTANT_CONVERSION = YES;
				CLANG_WARN_DEPRECATED_OBJC_IMPLEMENTATIONS = YES;
				CLANG_WARN_DIRECT_OBJC_ISA_USAGE = YES_ERROR;
				CLANG_WARN_DOCUMENTATION_COMMENTS = YES;
				CLANG_WARN_EMPTY_BODY = YES;
				CLANG_WARN_ENUM_CONVERSION = YES;
				CLANG_WARN_INFINITE_RECURSION = YES;
				CLANG_WARN_INT_CONVERSION = YES;
				CLANG_WARN_NON_LITERAL_NULL_CONVERSION = YES;
				CLANG_WARN_OBJC_IMPLICIT_RETAIN_SELF = YES;
				CLANG_WARN_OBJC_LITERAL_CONVERSION = YES;
				CLANG_WARN_OBJC_ROOT_CLASS = YES_ERROR;
				CLANG_WARN_RANGE_LOOP_ANALYSIS = YES;
				CLANG_WARN_STRICT_PROTOTYPES = YES;
				CLANG_WARN_SUSPICIOUS_MOVE = YES;
				CLANG_WARN_UNGUARDED_AVAILABILITY = YES_AGGRESSIVE;
				CLANG_WARN_UNREACHABLE_CODE = YES;
				CLANG_WARN__DUPLICATE_METHOD_MATCH = YES;
				COPY_PHASE_STRIP = NO;
				DEBUG_INFORMATION_FORMAT = dwarf;
				ENABLE_STRICT_OBJC_MSGSEND = YES;
				ENABLE_TESTABILITY = YES;
				GCC_C_LANGUAGE_STANDARD = gnu11;
				GCC_DYNAMIC_NO_PIC = NO;
				GCC_NO_COMMON_BLOCKS = YES;
				GCC_OPTIMIZATION_LEVEL = 0;
				GCC_PREPROCESSOR_DEFINITIONS = (
					"DEBUG=1",
					"$(inherited)",
				);
				GCC_WARN_64_TO_32_BIT_CONVERSION = YES;
				GCC_WARN_ABOUT_RETURN_TYPE = YES_ERROR;
				GCC_WARN_UNDECLARED_SELECTOR = YES;
				GCC_WARN_UNINITIALIZED_AUTOS = YES_AGGRESSIVE;
				GCC_WARN_UNUSED_FUNCTION = YES;
				GCC_WARN_UNUSED_VARIABLE = YES;
				IPHONEOS_DEPLOYMENT_TARGET = 13.7;
				MTL_ENABLE_DEBUG_INFO = INCLUDE_SOURCE;
				MTL_FAST_MATH = YES;
				ONLY_ACTIVE_ARCH = YES;
				SDKROOT = iphoneos;
			};
			name = Debug;
		};
		A0B3FDAC255ABB6E0072BCED /* Release */ = {
			isa = XCBuildConfiguration;
			buildSettings = {
				ALWAYS_SEARCH_USER_PATHS = NO;
				CLANG_ANALYZER_NONNULL = YES;
				CLANG_ANALYZER_NUMBER_OBJECT_CONVERSION = YES_AGGRESSIVE;
				CLANG_CXX_LANGUAGE_STANDARD = "gnu++14";
				CLANG_CXX_LIBRARY = "libc++";
				CLANG_ENABLE_MODULES = YES;
				CLANG_ENABLE_OBJC_ARC = YES;
				CLANG_ENABLE_OBJC_WEAK = YES;
				CLANG_WARN_BLOCK_CAPTURE_AUTORELEASING = YES;
				CLANG_WARN_BOOL_CONVERSION = YES;
				CLANG_WARN_COMMA = YES;
				CLANG_WARN_CONSTANT_CONVERSION = YES;
				CLANG_WARN_DEPRECATED_OBJC_IMPLEMENTATIONS = YES;
				CLANG_WARN_DIRECT_OBJC_ISA_USAGE = YES_ERROR;
				CLANG_WARN_DOCUMENTATION_COMMENTS = YES;
				CLANG_WARN_EMPTY_BODY = YES;
				CLANG_WARN_ENUM_CONVERSION = YES;
				CLANG_WARN_INFINITE_RECURSION = YES;
				CLANG_WARN_INT_CONVERSION = YES;
				CLANG_WARN_NON_LITERAL_NULL_CONVERSION = YES;
				CLANG_WARN_OBJC_IMPLICIT_RETAIN_SELF = YES;
				CLANG_WARN_OBJC_LITERAL_CONVERSION = YES;
				CLANG_WARN_OBJC_ROOT_CLASS = YES_ERROR;
				CLANG_WARN_RANGE_LOOP_ANALYSIS = YES;
				CLANG_WARN_STRICT_PROTOTYPES = YES;
				CLANG_WARN_SUSPICIOUS_MOVE = YES;
				CLANG_WARN_UNGUARDED_AVAILABILITY = YES_AGGRESSIVE;
				CLANG_WARN_UNREACHABLE_CODE = YES;
				CLANG_WARN__DUPLICATE_METHOD_MATCH = YES;
				COPY_PHASE_STRIP = NO;
				DEBUG_INFORMATION_FORMAT = "dwarf-with-dsym";
				ENABLE_NS_ASSERTIONS = NO;
				ENABLE_STRICT_OBJC_MSGSEND = YES;
				GCC_C_LANGUAGE_STANDARD = gnu11;
				GCC_NO_COMMON_BLOCKS = YES;
				GCC_WARN_64_TO_32_BIT_CONVERSION = YES;
				GCC_WARN_ABOUT_RETURN_TYPE = YES_ERROR;
				GCC_WARN_UNDECLARED_SELECTOR = YES;
				GCC_WARN_UNINITIALIZED_AUTOS = YES_AGGRESSIVE;
				GCC_WARN_UNUSED_FUNCTION = YES;
				GCC_WARN_UNUSED_VARIABLE = YES;
				IPHONEOS_DEPLOYMENT_TARGET = 13.7;
				MTL_ENABLE_DEBUG_INFO = NO;
				MTL_FAST_MATH = YES;
				SDKROOT = iphoneos;
				VALIDATE_PRODUCT = YES;
			};
			name = Release;
		};
		A0B3FDAE255ABB6E0072BCED /* Debug */ = {
			isa = XCBuildConfiguration;
			buildSettings = {
				ASSETCATALOG_COMPILER_APPICON_NAME = AppIcon;
				CODE_SIGN_IDENTITY = "Apple Development";
				CODE_SIGN_STYLE = Automatic;
				DEVELOPMENT_TEAM = 4RTA9R7QH9;
				INFOPLIST_FILE = SEPhotoLibrary/Info.plist;
				IPHONEOS_DEPLOYMENT_TARGET = 10.0;
				LD_RUNPATH_SEARCH_PATHS = (
					"$(inherited)",
					"@executable_path/Frameworks",
				);
				PRODUCT_BUNDLE_IDENTIFIER = seeEmil.com.SEPhotoLibrary;
				PRODUCT_NAME = "$(TARGET_NAME)";
				PROVISIONING_PROFILE_SPECIFIER = "";
				TARGETED_DEVICE_FAMILY = 1;
			};
			name = Debug;
		};
		A0B3FDAF255ABB6E0072BCED /* Release */ = {
			isa = XCBuildConfiguration;
			buildSettings = {
				ASSETCATALOG_COMPILER_APPICON_NAME = AppIcon;
				CODE_SIGN_IDENTITY = "Apple Development";
				CODE_SIGN_STYLE = Automatic;
				DEVELOPMENT_TEAM = 4RTA9R7QH9;
				INFOPLIST_FILE = SEPhotoLibrary/Info.plist;
				IPHONEOS_DEPLOYMENT_TARGET = 10.0;
				LD_RUNPATH_SEARCH_PATHS = (
					"$(inherited)",
					"@executable_path/Frameworks",
				);
				PRODUCT_BUNDLE_IDENTIFIER = seeEmil.com.SEPhotoLibrary;
				PRODUCT_NAME = "$(TARGET_NAME)";
				PROVISIONING_PROFILE_SPECIFIER = "";
				TARGETED_DEVICE_FAMILY = 1;
			};
			name = Release;
		};
/* End XCBuildConfiguration section */

/* Begin XCConfigurationList section */
		A0B3FD8F255ABB6B0072BCED /* Build configuration list for PBXProject "SEPhotoLibrary" */ = {
			isa = XCConfigurationList;
			buildConfigurations = (
				A0B3FDAB255ABB6E0072BCED /* Debug */,
				A0B3FDAC255ABB6E0072BCED /* Release */,
			);
			defaultConfigurationIsVisible = 0;
			defaultConfigurationName = Release;
		};
		A0B3FDAD255ABB6E0072BCED /* Build configuration list for PBXNativeTarget "SEPhotoLibrary" */ = {
			isa = XCConfigurationList;
			buildConfigurations = (
				A0B3FDAE255ABB6E0072BCED /* Debug */,
				A0B3FDAF255ABB6E0072BCED /* Release */,
			);
			defaultConfigurationIsVisible = 0;
			defaultConfigurationName = Release;
		};
/* End XCConfigurationList section */
	};
	rootObject = A0B3FD8C255ABB6B0072BCED /* Project object */;
}
